
Microsoft Visual Studio Solution File, Format Version 12.00
# Visual Studio Version 16
VisualStudioVersion = 16.0.29905.134
MinimumVisualStudioVersion = 10.0.40219.1
Project("{8BC9CEB8-8B4A-11D0-8D11-00A0C91BC942}") = "BadLibsExe", "BadLibrariesExe\BadLibrariesExe.vcxproj", "{A5E51A70-6311-444E-9A50-9595661C5C2D}"
EndProject
Project("{8BC9CEB8-8B4A-11D0-8D11-00A0C91BC942}") = "Core", "Core\Core.vcxproj", "{5DC81D63-EC79-4D3C-BE0F-7B36FD069376}"
EndProject
Project("{8BC9CEB8-8B4A-11D0-8D11-00A0C91BC942}") = "UILibrary", "UILibrary\UILibrary.vcxproj", "{1155E21A-D324-4653-BB87-68046CDEE6DA}"
EndProject
Global
	GlobalSection(SolutionConfigurationPlatforms) = preSolution
		Debug|x64 = Debug|x64
		Debug|x86 = Debug|x86
		Release|x64 = Release|x64
		Release|x86 = Release|x86
	EndGlobalSection
	GlobalSection(ProjectConfigurationPlatforms) = postSolution
		{A5E51A70-6311-444E-9A50-9595661C5C2D}.Debug|x64.ActiveCfg = Debug|x64
		{A5E51A70-6311-444E-9A50-9595661C5C2D}.Debug|x64.Build.0 = Debug|x64
		{A5E51A70-6311-444E-9A50-9595661C5C2D}.Debug|x86.ActiveCfg = Debug|Win32
		{A5E51A70-6311-444E-9A50-9595661C5C2D}.Debug|x86.Build.0 = Debug|Win32
		{A5E51A70-6311-444E-9A50-9595661C5C2D}.Release|x64.ActiveCfg = Release|x64
		{A5E51A70-6311-444E-9A50-9595661C5C2D}.Release|x64.Build.0 = Release|x64
		{A5E51A70-6311-444E-9A50-9595661C5C2D}.Release|x86.ActiveCfg = Release|Win32
		{A5E51A70-6311-444E-9A50-9595661C5C2D}.Release|x86.Build.0 = Release|Win32
		{5DC81D63-EC79-4D3C-BE0F-7B36FD069376}.Debug|x64.ActiveCfg = Debug|x64
		{5DC81D63-EC79-4D3C-BE0F-7B36FD069376}.Debug|x64.Build.0 = Debug|x64
		{5DC81D63-EC79-4D3C-BE0F-7B36FD069376}.Debug|x86.ActiveCfg = Debug|Win32
		{5DC81D63-EC79-4D3C-BE0F-7B36FD069376}.Debug|x86.Build.0 = Debug|Win32
		{5DC81D63-EC79-4D3C-BE0F-7B36FD069376}.Release|x64.ActiveCfg = Release|x64
		{5DC81D63-EC79-4D3C-BE0F-7B36FD069376}.Release|x64.Build.0 = Release|x64
		{5DC81D63-EC79-4D3C-BE0F-7B36FD069376}.Release|x86.ActiveCfg = Release|Win32
		{5DC81D63-EC79-4D3C-BE0F-7B36FD069376}.Release|x86.Build.0 = Release|Win32
		{1155E21A-D324-4653-BB87-68046CDEE6DA}.Debug|x64.ActiveCfg = Debug|x64
		{1155E21A-D324-4653-BB87-68046CDEE6DA}.Debug|x64.Build.0 = Debug|x64
		{1155E21A-D324-4653-BB87-68046CDEE6DA}.Debug|x86.ActiveCfg = Debug|Win32
		{1155E21A-D324-4653-BB87-68046CDEE6DA}.Debug|x86.Build.0 = Debug|Win32
		{1155E21A-D324-4653-BB87-68046CDEE6DA}.Release|x64.ActiveCfg = Release|x64
		{1155E21A-D324-4653-BB87-68046CDEE6DA}.Release|x64.Build.0 = Release|x64
		{1155E21A-D324-4653-BB87-68046CDEE6DA}.Release|x86.ActiveCfg = Release|Win32
		{1155E21A-D324-4653-BB87-68046CDEE6DA}.Release|x86.Build.0 = Release|Win32
	EndGlobalSection
	GlobalSection(SolutionProperties) = preSolution
		HideSolutionNode = FALSE
	EndGlobalSection
	GlobalSection(ExtensibilityGlobals) = postSolution
		SolutionGuid = {B7C895B9-0EE9-4800-8ECA-84D5C91DBE10}
	EndGlobalSection
EndGlobal
